
Microsoft Visual Studio Solution File, Format Version 12.00
# Visual Studio Version 17
VisualStudioVersion = 17.5.33414.496
MinimumVisualStudioVersion = 10.0.40219.1
Project("{FAE04EC0-301F-11D3-BF4B-00C04F79EFBC}") = "12.09.2023_PictureViewer_Minaev_03ПКо8081", "12.09.2023_PictureViewer_Minaev_03ПКо8081\12.09.2023_PictureViewer_Minaev_03ПКо8081.csproj", "{C2A23DCD-1689-40F8-8B89-6D5E404D9833}"
EndProject
Global
	GlobalSection(SolutionConfigurationPlatforms) = preSolution
		Debug|Any CPU = Debug|Any CPU
		Release|Any CPU = Release|Any CPU
	EndGlobalSection
	GlobalSection(ProjectConfigurationPlatforms) = postSolution
		{C2A23DCD-1689-40F8-8B89-6D5E404D9833}.Debug|Any CPU.ActiveCfg = Debug|Any CPU
		{C2A23DCD-1689-40F8-8B89-6D5E404D9833}.Debug|Any CPU.Build.0 = Debug|Any CPU
		{C2A23DCD-1689-40F8-8B89-6D5E404D9833}.Release|Any CPU.ActiveCfg = Release|Any CPU
		{C2A23DCD-1689-40F8-8B89-6D5E404D9833}.Release|Any CPU.Build.0 = Release|Any CPU
	EndGlobalSection
	GlobalSection(SolutionProperties) = preSolution
		HideSolutionNode = FALSE
	EndGlobalSection
	GlobalSection(ExtensibilityGlobals) = postSolution
		SolutionGuid = {8AFA9182-ADEB-41DB-A025-892DB1551C32}
	EndGlobalSection
EndGlobal
